# This file is autogenerated, do not edit; changes may be undone by the next 'dep ensure'.


[[projects]]
  branch = "master"
  name = "github.com/Clever/leakybucket"
  packages = [".","test"]
  revision = "505cc2b415c9ceab65d8b1510f6f2986ac8ed3c5"

[[projects]]
  name = "github.com/garyburd/redigo"
  packages = ["internal","redis"]
  revision = "47dc60e71eed504e3ef8e77ee3c6fe720f3be57f"
  version = "v1.3.0"

[solve-meta]
  analyzer-name = "dep"
  analyzer-version = 1
  inputs-digest = "528780449c9a984752d552ff651355e54a92f63b88ed0dcbbc32c9c1444b0dad"
  solver-name = "gps-cdcl"
  solver-version = 1
