# This file is autogenerated, do not edit; changes may be undone by the next 'dep ensure'.


[[projects]]
  name = "github.com/garyburd/redigo"
  packages = ["internal","redis"]
  revision = "47dc60e71eed504e3ef8e77ee3c6fe720f3be57f"
  version = "v1.3.0"

[solve-meta]
  analyzer-name = "dep"
  analyzer-version = 1
  inputs-digest = "8c6ef784fdca61573d75ceb1f28f9b82e47614ebf0e8f7e87c29fadb25b243a1"
  solver-name = "gps-cdcl"
  solver-version = 1
